
Microsoft Visual Studio Solution File, Format Version 9.00
# Visual Studio 2005
Project("{8BC9CEB8-8B4A-11D0-8D11-00A0C91BC942}") = "Dll_CCalculator_Factory", "Dll_CCalculator_Factory\Dll_CCalculator_Factory.vcproj", "{92FD7DF6-46EF-43DE-AD58-76A64D41073D}"
EndProject
Project("{8BC9CEB8-8B4A-11D0-8D11-00A0C91BC942}") = "NonI_CCalculator", "NonI_CCalculator\NonI_CCalculator.vcproj", "{8CDBD963-57CB-40EF-944C-DB9D783C2AB6}"
EndProject
Project("{8BC9CEB8-8B4A-11D0-8D11-00A0C91BC942}") = "UnitTestHW2", "UnitTestHW2\UnitTestHW2.vcproj", "{26D456AD-6F52-4EDF-A7D2-151D577C0DDD}"
	ProjectSection(ProjectDependencies) = postProject
		{92FD7DF6-46EF-43DE-AD58-76A64D41073D} = {92FD7DF6-46EF-43DE-AD58-76A64D41073D}
		{8CDBD963-57CB-40EF-944C-DB9D783C2AB6} = {8CDBD963-57CB-40EF-944C-DB9D783C2AB6}
	EndProjectSection
EndProject
Project("{8BC9CEB8-8B4A-11D0-8D11-00A0C91BC942}") = "UnitTestHW3", "UnitTestHW3\UnitTestHW3.vcproj", "{58047F0E-BF98-47C5-98A5-66ABDE2F5901}"
	ProjectSection(ProjectDependencies) = postProject
		{8CDBD963-57CB-40EF-944C-DB9D783C2AB6} = {8CDBD963-57CB-40EF-944C-DB9D783C2AB6}
	EndProjectSection
EndProject
Project("{8BC9CEB8-8B4A-11D0-8D11-00A0C91BC942}") = "HW1", "HW1\HW1.vcproj", "{EFD4019B-3E82-45FE-BE25-75B6806C4113}"
EndProject
Global
	GlobalSection(SolutionConfigurationPlatforms) = preSolution
		Debug|Win32 = Debug|Win32
		Release|Win32 = Release|Win32
	EndGlobalSection
	GlobalSection(ProjectConfigurationPlatforms) = postSolution
		{92FD7DF6-46EF-43DE-AD58-76A64D41073D}.Debug|Win32.ActiveCfg = Debug|Win32
		{92FD7DF6-46EF-43DE-AD58-76A64D41073D}.Debug|Win32.Build.0 = Debug|Win32
		{92FD7DF6-46EF-43DE-AD58-76A64D41073D}.Release|Win32.ActiveCfg = Release|Win32
		{92FD7DF6-46EF-43DE-AD58-76A64D41073D}.Release|Win32.Build.0 = Release|Win32
		{8CDBD963-57CB-40EF-944C-DB9D783C2AB6}.Debug|Win32.ActiveCfg = Debug|Win32
		{8CDBD963-57CB-40EF-944C-DB9D783C2AB6}.Debug|Win32.Build.0 = Debug|Win32
		{8CDBD963-57CB-40EF-944C-DB9D783C2AB6}.Release|Win32.ActiveCfg = Release|Win32
		{8CDBD963-57CB-40EF-944C-DB9D783C2AB6}.Release|Win32.Build.0 = Release|Win32
		{26D456AD-6F52-4EDF-A7D2-151D577C0DDD}.Debug|Win32.ActiveCfg = Debug|Win32
		{26D456AD-6F52-4EDF-A7D2-151D577C0DDD}.Debug|Win32.Build.0 = Debug|Win32
		{26D456AD-6F52-4EDF-A7D2-151D577C0DDD}.Release|Win32.ActiveCfg = Release|Win32
		{26D456AD-6F52-4EDF-A7D2-151D577C0DDD}.Release|Win32.Build.0 = Release|Win32
		{58047F0E-BF98-47C5-98A5-66ABDE2F5901}.Debug|Win32.ActiveCfg = Debug|Win32
		{58047F0E-BF98-47C5-98A5-66ABDE2F5901}.Debug|Win32.Build.0 = Debug|Win32
		{58047F0E-BF98-47C5-98A5-66ABDE2F5901}.Release|Win32.ActiveCfg = Release|Win32
		{58047F0E-BF98-47C5-98A5-66ABDE2F5901}.Release|Win32.Build.0 = Release|Win32
		{EFD4019B-3E82-45FE-BE25-75B6806C4113}.Debug|Win32.ActiveCfg = Debug|Win32
		{EFD4019B-3E82-45FE-BE25-75B6806C4113}.Debug|Win32.Build.0 = Debug|Win32
		{EFD4019B-3E82-45FE-BE25-75B6806C4113}.Release|Win32.ActiveCfg = Release|Win32
		{EFD4019B-3E82-45FE-BE25-75B6806C4113}.Release|Win32.Build.0 = Release|Win32
	EndGlobalSection
	GlobalSection(SolutionProperties) = preSolution
		HideSolutionNode = FALSE
	EndGlobalSection
EndGlobal
